
Microsoft Visual Studio Solution File, Format Version 12.00
# Visual Studio 15
VisualStudioVersion = 15.0.26430.16
MinimumVisualStudioVersion = 15.0.0.0
Project("{FAE04EC0-301F-11D3-BF4B-00C04F79EFBC}") = "Sharificabus.HostApplication", "Sharificabus.HostApplication\Sharificabus.HostApplication.csproj", "{BFA49D73-C038-44CD-9270-CD5C9363FFBA}"
EndProject
Global
	GlobalSection(SolutionConfigurationPlatforms) = preSolution
		Debug|Any CPU = Debug|Any CPU
		Release|Any CPU = Release|Any CPU
	EndGlobalSection
	GlobalSection(ProjectConfigurationPlatforms) = postSolution
		{BFA49D73-C038-44CD-9270-CD5C9363FFBA}.Debug|Any CPU.ActiveCfg = Debug|Any CPU
		{BFA49D73-C038-44CD-9270-CD5C9363FFBA}.Debug|Any CPU.Build.0 = Debug|Any CPU
		{BFA49D73-C038-44CD-9270-CD5C9363FFBA}.Release|Any CPU.ActiveCfg = Release|Any CPU
		{BFA49D73-C038-44CD-9270-CD5C9363FFBA}.Release|Any CPU.Build.0 = Release|Any CPU
	EndGlobalSection
	GlobalSection(SolutionProperties) = preSolution
		HideSolutionNode = FALSE
	EndGlobalSection
EndGlobal
